
Microsoft Visual Studio Solution File, Format Version 12.00
# Visual Studio Version 16
VisualStudioVersion = 16.0.29201.188
MinimumVisualStudioVersion = 10.0.40219.1
Project("{FAE04EC0-301F-11D3-BF4B-00C04F79EFBC}") = "TinkoffTrader", "TinkoffTrader\TinkoffTrader.csproj", "{A7405061-2369-45B9-BFD7-1EA23F5181B9}"
EndProject
Project("{9A19103F-16F7-4668-BE54-9A1E7A4F7556}") = "TinkoffTraderCore", "TinfoffTraderCore\TinkoffTraderCore.csproj", "{2CE60DA7-013A-4163-B928-427D85A900EE}"
EndProject
Global
	GlobalSection(SolutionConfigurationPlatforms) = preSolution
		Debug|Any CPU = Debug|Any CPU
		Release|Any CPU = Release|Any CPU
	EndGlobalSection
	GlobalSection(ProjectConfigurationPlatforms) = postSolution
		{A7405061-2369-45B9-BFD7-1EA23F5181B9}.Debug|Any CPU.ActiveCfg = Debug|Any CPU
		{A7405061-2369-45B9-BFD7-1EA23F5181B9}.Debug|Any CPU.Build.0 = Debug|Any CPU
		{A7405061-2369-45B9-BFD7-1EA23F5181B9}.Release|Any CPU.ActiveCfg = Release|Any CPU
		{A7405061-2369-45B9-BFD7-1EA23F5181B9}.Release|Any CPU.Build.0 = Release|Any CPU
		{2CE60DA7-013A-4163-B928-427D85A900EE}.Debug|Any CPU.ActiveCfg = Debug|Any CPU
		{2CE60DA7-013A-4163-B928-427D85A900EE}.Debug|Any CPU.Build.0 = Debug|Any CPU
		{2CE60DA7-013A-4163-B928-427D85A900EE}.Release|Any CPU.ActiveCfg = Release|Any CPU
	EndGlobalSection
	GlobalSection(SolutionProperties) = preSolution
		HideSolutionNode = FALSE
	EndGlobalSection
	GlobalSection(ExtensibilityGlobals) = postSolution
		SolutionGuid = {B3B1471F-001F-4F4B-9D15-12C3D5C894B8}
	EndGlobalSection
EndGlobal
